
Microsoft Visual Studio Solution File, Format Version 12.00
# Visual Studio 14
VisualStudioVersion = 14.0.25123.0
MinimumVisualStudioVersion = 10.0.40219.1
Project("{FAE04EC0-301F-11D3-BF4B-00C04F79EFBC}") = "UnitTests", "UnitTests\UnitTests.csproj", "{84EAB0EF-9CD2-4E81-B8BA-8ADF00C14AB1}"
EndProject
Project("{2150E333-8FDC-42A3-9474-1A3956D46DE8}") = "Solution Items", "Solution Items", "{5DB016A7-61A1-47ED-A511-717192643126}"
	ProjectSection(SolutionItems) = preProject
		ClassesTemplate.tt = ClassesTemplate.tt
		ClassTemplate.cs = ClassTemplate.cs
		License.txt = License.txt
		MethodsTemplate.tt = MethodsTemplate.tt
		TemplateFilemanager.CS.ttinclude = TemplateFilemanager.CS.ttinclude
		TestTemplate.cs = TestTemplate.cs
		TestTemplate.tt = TestTemplate.tt
	EndProjectSection
EndProject
Project("{FAE04EC0-301F-11D3-BF4B-00C04F79EFBC}") = "Foundations", "Foundations\Foundations.csproj", "{C15ED2AD-444C-46DC-8313-8ED602FA0A11}"
EndProject
Project("{FAE04EC0-301F-11D3-BF4B-00C04F79EFBC}") = "PerformanceHarness", "PerformanceHarness\PerformanceHarness.csproj", "{13A27BC3-C74B-40CA-B104-AA08D725B54F}"
EndProject
Project("{2150E333-8FDC-42A3-9474-1A3956D46DE8}") = "Demos", "Demos", "{C9DD39E4-F4EA-48AC-B28A-E9758C1C9308}"
EndProject
Project("{FAE04EC0-301F-11D3-BF4B-00C04F79EFBC}") = "NGramDemo", "NGramDemo\NGramDemo.csproj", "{EC52613B-3199-4535-8424-14624FC560F4}"
EndProject
Global
	GlobalSection(SolutionConfigurationPlatforms) = preSolution
		Debug|Any CPU = Debug|Any CPU
		Release|Any CPU = Release|Any CPU
	EndGlobalSection
	GlobalSection(ProjectConfigurationPlatforms) = postSolution
		{84EAB0EF-9CD2-4E81-B8BA-8ADF00C14AB1}.Debug|Any CPU.ActiveCfg = Debug|Any CPU
		{84EAB0EF-9CD2-4E81-B8BA-8ADF00C14AB1}.Debug|Any CPU.Build.0 = Debug|Any CPU
		{84EAB0EF-9CD2-4E81-B8BA-8ADF00C14AB1}.Release|Any CPU.ActiveCfg = Release|Any CPU
		{84EAB0EF-9CD2-4E81-B8BA-8ADF00C14AB1}.Release|Any CPU.Build.0 = Release|Any CPU
		{C15ED2AD-444C-46DC-8313-8ED602FA0A11}.Debug|Any CPU.ActiveCfg = Debug|Any CPU
		{C15ED2AD-444C-46DC-8313-8ED602FA0A11}.Debug|Any CPU.Build.0 = Debug|Any CPU
		{C15ED2AD-444C-46DC-8313-8ED602FA0A11}.Release|Any CPU.ActiveCfg = Release|Any CPU
		{C15ED2AD-444C-46DC-8313-8ED602FA0A11}.Release|Any CPU.Build.0 = Release|Any CPU
		{13A27BC3-C74B-40CA-B104-AA08D725B54F}.Debug|Any CPU.ActiveCfg = Debug|Any CPU
		{13A27BC3-C74B-40CA-B104-AA08D725B54F}.Debug|Any CPU.Build.0 = Debug|Any CPU
		{13A27BC3-C74B-40CA-B104-AA08D725B54F}.Release|Any CPU.ActiveCfg = Release|Any CPU
		{13A27BC3-C74B-40CA-B104-AA08D725B54F}.Release|Any CPU.Build.0 = Release|Any CPU
		{EC52613B-3199-4535-8424-14624FC560F4}.Debug|Any CPU.ActiveCfg = Debug|Any CPU
		{EC52613B-3199-4535-8424-14624FC560F4}.Debug|Any CPU.Build.0 = Debug|Any CPU
		{EC52613B-3199-4535-8424-14624FC560F4}.Release|Any CPU.ActiveCfg = Release|Any CPU
		{EC52613B-3199-4535-8424-14624FC560F4}.Release|Any CPU.Build.0 = Release|Any CPU
	EndGlobalSection
	GlobalSection(SolutionProperties) = preSolution
		HideSolutionNode = FALSE
	EndGlobalSection
	GlobalSection(NestedProjects) = preSolution
		{EC52613B-3199-4535-8424-14624FC560F4} = {C9DD39E4-F4EA-48AC-B28A-E9758C1C9308}
	EndGlobalSection
EndGlobal
